# This file is autogenerated, do not edit; changes may be undone by the next 'dep ensure'.


[[projects]]
  digest = "1:d7086e6a64a9e4fa54aaf56ce42ead0be1300b0285604c4d306438880db946ad"
  name = "github.com/alexellis/go-execute"
  packages = ["pkg/v1"]
  pruneopts = "UT"
  revision = "8697e4e28c5e3ce441ff8b2b6073035606af2fe9"
  version = "0.4.0"

[[projects]]
  digest = "1:03b5c7d3ba399e0bd2f306ff6201ae5ed0c6858c4ec8e87f1e33083694a983b6"
  name = "github.com/alexellis/k3sup"
  packages = [
    "pkg/config",
    "pkg/env",
    "pkg/helm",
  ]
  pruneopts = "UT"
  revision = "aec00235bcc36b6b2cc0799a0b89d9e7bccdd8c6"
  version = "0.7.9"

[[projects]]
  digest = "1:78d28d5b84a26159c67ea51996a230da4bc07cac648adaae1dfb5fc0ec8e40d3"
  name = "github.com/imdario/mergo"
  packages = ["."]
  pruneopts = "UT"
  revision = "1afb36080aec31e0d1528973ebe6721b191b0369"
  version = "v0.3.8"

[[projects]]
  digest = "1:870d441fe217b8e689d7949fef6e43efbc787e50f200cb1e70dbca9204a1d6be"
  name = "github.com/inconshreveable/mousetrap"
  packages = ["."]
  pruneopts = "UT"
  revision = "76626ae9c91c4f2a10f34cad8ce83ea42c93bb75"
  version = "v1.0"

[[projects]]
  digest = "1:8fcbcd852568136e8398d393271d31c7803b5a220c7b94d1e0288b37e378293c"
  name = "github.com/inlets/inletsctl"
  packages = ["pkg/names"]
  pruneopts = "UT"
  revision = "50c2962e9dc776b68b2faa96bdde24c5e40e3c05"
  version = "0.3.8"

[[projects]]
  digest = "1:906eb1ca3c8455e447b99a45237b2b9615b665608fd07ad12cce847dd9a1ec43"
  name = "github.com/morikuni/aec"
  packages = ["."]
  pruneopts = "UT"
  revision = "39771216ff4c63d11f5e604076f9c45e8be1067b"
  version = "v1.0.0"

[[projects]]
  digest = "1:cf31692c14422fa27c83a05292eb5cbe0fb2775972e8f1f8446a71549bd8980b"
  name = "github.com/pkg/errors"
  packages = ["."]
  pruneopts = "UT"
  revision = "ba968bfe8b2f7e042a574c888954fccecfa385b4"
  version = "v0.8.1"

[[projects]]
  digest = "1:e096613fb7cf34743d49af87d197663cfccd61876e2219853005a57baedfa562"
  name = "github.com/spf13/cobra"
  packages = ["."]
  pruneopts = "UT"
  revision = "f2b07da1e2c38d5f12845a4f607e2e1018cbb1f5"
  version = "v0.0.5"

[[projects]]
  digest = "1:524b71991fc7d9246cc7dc2d9e0886ccb97648091c63e30eef619e6862c955dd"
  name = "github.com/spf13/pflag"
  packages = ["."]
  pruneopts = "UT"
  revision = "2e9d26c8c37aae03e3f9d4e90b7116f5accb7cab"
  version = "v1.0.5"

[[projects]]
  digest = "1:b75b3deb2bce8bc079e16bb2aecfe01eb80098f5650f9e93e5643ca8b7b73737"
  name = "gopkg.in/yaml.v2"
  packages = ["."]
  pruneopts = "UT"
  revision = "1f64d6156d11335c3f22d9330b0ad14fc1e789ce"
  version = "v2.2.7"

[solve-meta]
  analyzer-name = "dep"
  analyzer-version = 1
  input-imports = [
    "github.com/alexellis/go-execute/pkg/v1",
    "github.com/alexellis/k3sup/pkg/config",
    "github.com/alexellis/k3sup/pkg/env",
    "github.com/alexellis/k3sup/pkg/helm",
    "github.com/imdario/mergo",
    "github.com/inlets/inletsctl/pkg/names",
    "github.com/morikuni/aec",
    "github.com/pkg/errors",
    "github.com/spf13/cobra",
    "gopkg.in/yaml.v2",
  ]
  solver-name = "gps-cdcl"
  solver-version = 1
